// !$*UTF8*$!
{
	archiveVersion = 1;
	classes = {
	};
	objectVersion = 50;
	objects = {

/* Begin PBXBuildFile section */
		92B3F44621E6BEB5007E0AD1 /* AppDelegate.swift in Sources */ = {isa = PBXBuildFile; fileRef = 92B3F44521E6BEB5007E0AD1 /* AppDelegate.swift */; };
		92B3F44821E6BEB5007E0AD1 /* ViewController.swift in Sources */ = {isa = PBXBuildFile; fileRef = 92B3F44721E6BEB5007E0AD1 /* ViewController.swift */; };
		92B3F44B21E6BEB5007E0AD1 /* Main.storyboard in Resources */ = {isa = PBXBuildFile; fileRef = 92B3F44921E6BEB5007E0AD1 /* Main.storyboard */; };
		92B3F44D21E6BEB6007E0AD1 /* Assets.xcassets in Resources */ = {isa = PBXBuildFile; fileRef = 92B3F44C21E6BEB6007E0AD1 /* Assets.xcassets */; };
		92B3F45021E6BEB6007E0AD1 /* LaunchScreen.storyboard in Resources */ = {isa = PBXBuildFile; fileRef = 92B3F44E21E6BEB6007E0AD1 /* LaunchScreen.storyboard */; };
		92B3F45B21E6BEB6007E0AD1 /* TipCalcTests.swift in Sources */ = {isa = PBXBuildFile; fileRef = 92B3F45A21E6BEB6007E0AD1 /* TipCalcTests.swift */; };
		92B3F46621E6BEB6007E0AD1 /* TipCalcUITests.swift in Sources */ = {isa = PBXBuildFile; fileRef = 92B3F46521E6BEB6007E0AD1 /* TipCalcUITests.swift */; };
/* End PBXBuildFile section */

/* Begin PBXContainerItemProxy section */
		92B3F45721E6BEB6007E0AD1 /* PBXContainerItemProxy */ = {
			isa = PBXContainerItemProxy;
			containerPortal = 92B3F43A21E6BEB5007E0AD1 /* Project object */;
			proxyType = 1;
			remoteGlobalIDString = 92B3F44121E6BEB5007E0AD1;
			remoteInfo = TipCalc;
		};
		92B3F46221E6BEB6007E0AD1 /* PBXContainerItemProxy */ = {
			isa = PBXContainerItemProxy;
			containerPortal = 92B3F43A21E6BEB5007E0AD1 /* Project object */;
			proxyType = 1;
			remoteGlobalIDString = 92B3F44121E6BEB5007E0AD1;
			remoteInfo = TipCalc;
		};
/* End PBXContainerItemProxy section */

/* Begin PBXFileReference section */
		92B3F44221E6BEB5007E0AD1 /* TipCalc.app */ = {isa = PBXFileReference; explicitFileType = wrapper.application; includeInIndex = 0; path = TipCalc.app; sourceTree = BUILT_PRODUCTS_DIR; };
		92B3F44521E6BEB5007E0AD1 /* AppDelegate.swift */ = {isa = PBXFileReference; lastKnownFileType = sourcecode.swift; path = AppDelegate.swift; sourceTree = "<group>"; };
		92B3F44721E6BEB5007E0AD1 /* ViewController.swift */ = {isa = PBXFileReference; lastKnownFileType = sourcecode.swift; path = ViewController.swift; sourceTree = "<group>"; };
		92B3F44A21E6BEB5007E0AD1 /* Base */ = {isa = PBXFileReference; lastKnownFileType = file.storyboard; name = Base; path = Base.lproj/Main.storyboard; sourceTree = "<group>"; };
		92B3F44C21E6BEB6007E0AD1 /* Assets.xcassets */ = {isa = PBXFileReference; lastKnownFileType = folder.assetcatalog; path = Assets.xcassets; sourceTree = "<group>"; };
		92B3F44F21E6BEB6007E0AD1 /* Base */ = {isa = PBXFileReference; lastKnownFileType = file.storyboard; name = Base; path = Base.lproj/LaunchScreen.storyboard; sourceTree = "<group>"; };
		92B3F45121E6BEB6007E0AD1 /* Info.plist */ = {isa = PBXFileReference; lastKnownFileType = text.plist.xml; path = Info.plist; sourceTree = "<group>"; };
		92B3F45621E6BEB6007E0AD1 /* TipCalcTests.xctest */ = {isa = PBXFileReference; explicitFileType = wrapper.cfbundle; includeInIndex = 0; path = TipCalcTests.xctest; sourceTree = BUILT_PRODUCTS_DIR; };
		92B3F45A21E6BEB6007E0AD1 /* TipCalcTests.swift */ = {isa = PBXFileReference; lastKnownFileType = sourcecode.swift; path = TipCalcTests.swift; sourceTree = "<group>"; };
		92B3F45C21E6BEB6007E0AD1 /* Info.plist */ = {isa = PBXFileReference; lastKnownFileType = text.plist.xml; path = Info.plist; sourceTree = "<group>"; };
		92B3F46121E6BEB6007E0AD1 /* TipCalcUITests.xctest */ = {isa = PBXFileReference; explicitFileType = wrapper.cfbundle; includeInIndex = 0; path = TipCalcUITests.xctest; sourceTree = BUILT_PRODUCTS_DIR; };
		92B3F46521E6BEB6007E0AD1 /* TipCalcUITests.swift */ = {isa = PBXFileReference; lastKnownFileType = sourcecode.swift; path = TipCalcUITests.swift; sourceTree = "<group>"; };
		92B3F46721E6BEB6007E0AD1 /* Info.plist */ = {isa = PBXFileReference; lastKnownFileType = text.plist.xml; path = Info.plist; sourceTree = "<group>"; };
/* End PBXFileReference section */

/* Begin PBXFrameworksBuildPhase section */
		92B3F43F21E6BEB5007E0AD1 /* Frameworks */ = {
			isa = PBXFrameworksBuildPhase;
			buildActionMask = 2147483647;
			files = (
			);
			runOnlyForDeploymentPostprocessing = 0;
		};
		92B3F45321E6BEB6007E0AD1 /* Frameworks */ = {
			isa = PBXFrameworksBuildPhase;
			buildActionMask = 2147483647;
			files = (
			);
			runOnlyForDeploymentPostprocessing = 0;
		};
		92B3F45E21E6BEB6007E0AD1 /* Frameworks */ = {
			isa = PBXFrameworksBuildPhase;
			buildActionMask = 2147483647;
			files = (
			);
			runOnlyForDeploymentPostprocessing = 0;
		};
/* End PBXFrameworksBuildPhase section */

/* Begin PBXGroup section */
		92B3F43921E6BEB5007E0AD1 = {
			isa = PBXGroup;
			children = (
				92B3F44421E6BEB5007E0AD1 /* TipCalc */,
				92B3F45921E6BEB6007E0AD1 /* TipCalcTests */,
				92B3F46421E6BEB6007E0AD1 /* TipCalcUITests */,
				92B3F44321E6BEB5007E0AD1 /* Products */,
			);
			sourceTree = "<group>";
		};
		92B3F44321E6BEB5007E0AD1 /* Products */ = {
			isa = PBXGroup;
			children = (
				92B3F44221E6BEB5007E0AD1 /* TipCalc.app */,
				92B3F45621E6BEB6007E0AD1 /* TipCalcTests.xctest */,
				92B3F46121E6BEB6007E0AD1 /* TipCalcUITests.xctest */,
			);
			name = Products;
			sourceTree = "<group>";
		};
		92B3F44421E6BEB5007E0AD1 /* TipCalc */ = {
			isa = PBXGroup;
			children = (
				92B3F44521E6BEB5007E0AD1 /* AppDelegate.swift */,
				92B3F44721E6BEB5007E0AD1 /* ViewController.swift */,
				92B3F44921E6BEB5007E0AD1 /* Main.storyboard */,
				92B3F44C21E6BEB6007E0AD1 /* Assets.xcassets */,
				92B3F44E21E6BEB6007E0AD1 /* LaunchScreen.storyboard */,
				92B3F45121E6BEB6007E0AD1 /* Info.plist */,
			);
			path = TipCalc;
			sourceTree = "<group>";
		};
		92B3F45921E6BEB6007E0AD1 /* TipCalcTests */ = {
			isa = PBXGroup;
			children = (
				92B3F45A21E6BEB6007E0AD1 /* TipCalcTests.swift */,
				92B3F45C21E6BEB6007E0AD1 /* Info.plist */,
			);
			path = TipCalcTests;
			sourceTree = "<group>";
		};
		92B3F46421E6BEB6007E0AD1 /* TipCalcUITests */ = {
			isa = PBXGroup;
			children = (
				92B3F46521E6BEB6007E0AD1 /* TipCalcUITests.swift */,
				92B3F46721E6BEB6007E0AD1 /* Info.plist */,
			);
			path = TipCalcUITests;
			sourceTree = "<group>";
		};
/* End PBXGroup section */

/* Begin PBXNativeTarget section */
		92B3F44121E6BEB5007E0AD1 /* TipCalc */ = {
			isa = PBXNativeTarget;
			buildConfigurationList = 92B3F46A21E6BEB6007E0AD1 /* Build configuration list for PBXNativeTarget "TipCalc" */;
			buildPhases = (
				92B3F43E21E6BEB5007E0AD1 /* Sources */,
				92B3F43F21E6BEB5007E0AD1 /* Frameworks */,
				92B3F44021E6BEB5007E0AD1 /* Resources */,
			);
			buildRules = (
			);
			dependencies = (
			);
			name = TipCalc;
			productName = TipCalc;
			productReference = 92B3F44221E6BEB5007E0AD1 /* TipCalc.app */;
			productType = "com.apple.product-type.application";
		};
		92B3F45521E6BEB6007E0AD1 /* TipCalcTests */ = {
			isa = PBXNativeTarget;
			buildConfigurationList = 92B3F46D21E6BEB6007E0AD1 /* Build configuration list for PBXNativeTarget "TipCalcTests" */;
			buildPhases = (
				92B3F45221E6BEB6007E0AD1 /* Sources */,
				92B3F45321E6BEB6007E0AD1 /* Frameworks */,
				92B3F45421E6BEB6007E0AD1 /* Resources */,
			);
			buildRules = (
			);
			dependencies = (
				92B3F45821E6BEB6007E0AD1 /* PBXTargetDependency */,
			);
			name = TipCalcTests;
			productName = TipCalcTests;
			productReference = 92B3F45621E6BEB6007E0AD1 /* TipCalcTests.xctest */;
			productType = "com.apple.product-type.bundle.unit-test";
		};
		92B3F46021E6BEB6007E0AD1 /* TipCalcUITests */ = {
			isa = PBXNativeTarget;
			buildConfigurationList = 92B3F47021E6BEB6007E0AD1 /* Build configuration list for PBXNativeTarget "TipCalcUITests" */;
			buildPhases = (
				92B3F45D21E6BEB6007E0AD1 /* Sources */,
				92B3F45E21E6BEB6007E0AD1 /* Frameworks */,
				92B3F45F21E6BEB6007E0AD1 /* Resources */,
			);
			buildRules = (
			);
			dependencies = (
				92B3F46321E6BEB6007E0AD1 /* PBXTargetDependency */,
			);
			name = TipCalcUITests;
			productName = TipCalcUITests;
			productReference = 92B3F46121E6BEB6007E0AD1 /* TipCalcUITests.xctest */;
			productType = "com.apple.product-type.bundle.ui-testing";
		};
/* End PBXNativeTarget section */

/* Begin PBXProject section */
		92B3F43A21E6BEB5007E0AD1 /* Project object */ = {
			isa = PBXProject;
			attributes = {
				LastSwiftUpdateCheck = 1010;
				LastUpgradeCheck = 1010;
				ORGANIZATIONNAME = "Zach Royko";
				TargetAttributes = {
					92B3F44121E6BEB5007E0AD1 = {
						CreatedOnToolsVersion = 10.1;
					};
					92B3F45521E6BEB6007E0AD1 = {
						CreatedOnToolsVersion = 10.1;
						TestTargetID = 92B3F44121E6BEB5007E0AD1;
					};
					92B3F46021E6BEB6007E0AD1 = {
						CreatedOnToolsVersion = 10.1;
						TestTargetID = 92B3F44121E6BEB5007E0AD1;
					};
				};
			};
			buildConfigurationList = 92B3F43D21E6BEB5007E0AD1 /* Build configuration list for PBXProject "TipCalc" */;
			compatibilityVersion = "Xcode 9.3";
			developmentRegion = en;
			hasScannedForEncodings = 0;
			knownRegions = (
				en,
				Base,
			);
			mainGroup = 92B3F43921E6BEB5007E0AD1;
			productRefGroup = 92B3F44321E6BEB5007E0AD1 /* Products */;
			projectDirPath = "";
			projectRoot = "";
			targets = (
				92B3F44121E6BEB5007E0AD1 /* TipCalc */,
				92B3F45521E6BEB6007E0AD1 /* TipCalcTests */,
				92B3F46021E6BEB6007E0AD1 /* TipCalcUITests */,
			);
		};
/* End PBXProject section */

/* Begin PBXResourcesBuildPhase section */
		92B3F44021E6BEB5007E0AD1 /* Resources */ = {
			isa = PBXResourcesBuildPhase;
			buildActionMask = 2147483647;
			files = (
				92B3F45021E6BEB6007E0AD1 /* LaunchScreen.storyboard in Resources */,
				92B3F44D21E6BEB6007E0AD1 /* Assets.xcassets in Resources */,
				92B3F44B21E6BEB5007E0AD1 /* Main.storyboard in Resources */,
			);
			runOnlyForDeploymentPostprocessing = 0;
		};
		92B3F45421E6BEB6007E0AD1 /* Resources */ = {
			isa = PBXResourcesBuildPhase;
			buildActionMask = 2147483647;
			files = (
			);
			runOnlyForDeploymentPostprocessing = 0;
		};
		92B3F45F21E6BEB6007E0AD1 /* Resources */ = {
			isa = PBXResourcesBuildPhase;
			buildActionMask = 2147483647;
			files = (
			);
			runOnlyForDeploymentPostprocessing = 0;
		};
/* End PBXResourcesBuildPhase section */

/* Begin PBXSourcesBuildPhase section */
		92B3F43E21E6BEB5007E0AD1 /* Sources */ = {
			isa = PBXSourcesBuildPhase;
			buildActionMask = 2147483647;
			files = (
				92B3F44821E6BEB5007E0AD1 /* ViewController.swift in Sources */,
				92B3F44621E6BEB5007E0AD1 /* AppDelegate.swift in Sources */,
			);
			runOnlyForDeploymentPostprocessing = 0;
		};
		92B3F45221E6BEB6007E0AD1 /* Sources */ = {
			isa = PBXSourcesBuildPhase;
			buildActionMask = 2147483647;
			files = (
				92B3F45B21E6BEB6007E0AD1 /* TipCalcTests.swift in Sources */,
			);
			runOnlyForDeploymentPostprocessing = 0;
		};
		92B3F45D21E6BEB6007E0AD1 /* Sources */ = {
			isa = PBXSourcesBuildPhase;
			buildActionMask = 2147483647;
			files = (
				92B3F46621E6BEB6007E0AD1 /* TipCalcUITests.swift in Sources */,
			);
			runOnlyForDeploymentPostprocessing = 0;
		};
/* End PBXSourcesBuildPhase section */

/* Begin PBXTargetDependency section */
		92B3F45821E6BEB6007E0AD1 /* PBXTargetDependency */ = {
			isa = PBXTargetDependency;
			target = 92B3F44121E6BEB5007E0AD1 /* TipCalc */;
			targetProxy = 92B3F45721E6BEB6007E0AD1 /* PBXContainerItemProxy */;
		};
		92B3F46321E6BEB6007E0AD1 /* PBXTargetDependency */ = {
			isa = PBXTargetDependency;
			target = 92B3F44121E6BEB5007E0AD1 /* TipCalc */;
			targetProxy = 92B3F46221E6BEB6007E0AD1 /* PBXContainerItemProxy */;
		};
/* End PBXTargetDependency section */

/* Begin PBXVariantGroup section */
		92B3F44921E6BEB5007E0AD1 /* Main.storyboard */ = {
			isa = PBXVariantGroup;
			children = (
				92B3F44A21E6BEB5007E0AD1 /* Base */,
			);
			name = Main.storyboard;
			sourceTree = "<group>";
		};
		92B3F44E21E6BEB6007E0AD1 /* LaunchScreen.storyboard */ = {
			isa = PBXVariantGroup;
			children = (
				92B3F44F21E6BEB6007E0AD1 /* Base */,
			);
			name = LaunchScreen.storyboard;
			sourceTree = "<group>";
		};
/* End PBXVariantGroup section */

/* Begin XCBuildConfiguration section */
		92B3F46821E6BEB6007E0AD1 /* Debug */ = {
			isa = XCBuildConfiguration;
			buildSettings = {
				ALWAYS_SEARCH_USER_PATHS = NO;
				CLANG_ANALYZER_NONNULL = YES;
				CLANG_ANALYZER_NUMBER_OBJECT_CONVERSION = YES_AGGRESSIVE;
				CLANG_CXX_LANGUAGE_STANDARD = "gnu++14";
				CLANG_CXX_LIBRARY = "libc++";
				CLANG_ENABLE_MODULES = YES;
				CLANG_ENABLE_OBJC_ARC = YES;
				CLANG_ENABLE_OBJC_WEAK = YES;
				CLANG_WARN_BLOCK_CAPTURE_AUTORELEASING = YES;
				CLANG_WARN_BOOL_CONVERSION = YES;
				CLANG_WARN_COMMA = YES;
				CLANG_WARN_CONSTANT_CONVERSION = YES;
				CLANG_WARN_DEPRECATED_OBJC_IMPLEMENTATIONS = YES;
				CLANG_WARN_DIRECT_OBJC_ISA_USAGE = YES_ERROR;
				CLANG_WARN_DOCUMENTATION_COMMENTS = YES;
				CLANG_WARN_EMPTY_BODY = YES;
				CLANG_WARN_ENUM_CONVERSION = YES;
				CLANG_WARN_INFINITE_RECURSION = YES;
				CLANG_WARN_INT_CONVERSION = YES;
				CLANG_WARN_NON_LITERAL_NULL_CONVERSION = YES;
				CLANG_WARN_OBJC_IMPLICIT_RETAIN_SELF = YES;
				CLANG_WARN_OBJC_LITERAL_CONVERSION = YES;
				CLANG_WARN_OBJC_ROOT_CLASS = YES_ERROR;
				CLANG_WARN_RANGE_LOOP_ANALYSIS = YES;
				CLANG_WARN_STRICT_PROTOTYPES = YES;
				CLANG_WARN_SUSPICIOUS_MOVE = YES;
				CLANG_WARN_UNGUARDED_AVAILABILITY = YES_AGGRESSIVE;
				CLANG_WARN_UNREACHABLE_CODE = YES;
				CLANG_WARN__DUPLICATE_METHOD_MATCH = YES;
				CODE_SIGN_IDENTITY = "iPhone Developer";
				COPY_PHASE_STRIP = NO;
				DEBUG_INFORMATION_FORMAT = dwarf;
				ENABLE_STRICT_OBJC_MSGSEND = YES;
				ENABLE_TESTABILITY = YES;
				GCC_C_LANGUAGE_STANDARD = gnu11;
				GCC_DYNAMIC_NO_PIC = NO;
				GCC_NO_COMMON_BLOCKS = YES;
				GCC_OPTIMIZATION_LEVEL = 0;
				GCC_PREPROCESSOR_DEFINITIONS = (
					"DEBUG=1",
					"$(inherited)",
				);
				GCC_WARN_64_TO_32_BIT_CONVERSION = YES;
				GCC_WARN_ABOUT_RETURN_TYPE = YES_ERROR;
				GCC_WARN_UNDECLARED_SELECTOR = YES;
				GCC_WARN_UNINITIALIZED_AUTOS = YES_AGGRESSIVE;
				GCC_WARN_UNUSED_FUNCTION = YES;
				GCC_WARN_UNUSED_VARIABLE = YES;
				IPHONEOS_DEPLOYMENT_TARGET = 12.1;
				MTL_ENABLE_DEBUG_INFO = INCLUDE_SOURCE;
				MTL_FAST_MATH = YES;
				ONLY_ACTIVE_ARCH = YES;
				SDKROOT = iphoneos;
				SWIFT_ACTIVE_COMPILATION_CONDITIONS = DEBUG;
				SWIFT_OPTIMIZATION_LEVEL = "-Onone";
			};
			name = Debug;
		};
		92B3F46921E6BEB6007E0AD1 /* Release */ = {
			isa = XCBuildConfiguration;
			buildSettings = {
				ALWAYS_SEARCH_USER_PATHS = NO;
				CLANG_ANALYZER_NONNULL = YES;
				CLANG_ANALYZER_NUMBER_OBJECT_CONVERSION = YES_AGGRESSIVE;
				CLANG_CXX_LANGUAGE_STANDARD = "gnu++14";
				CLANG_CXX_LIBRARY = "libc++";
				CLANG_ENABLE_MODULES = YES;
				CLANG_ENABLE_OBJC_ARC = YES;
				CLANG_ENABLE_OBJC_WEAK = YES;
				CLANG_WARN_BLOCK_CAPTURE_AUTORELEASING = YES;
				CLANG_WARN_BOOL_CONVERSION = YES;
				CLANG_WARN_COMMA = YES;
				CLANG_WARN_CONSTANT_CONVERSION = YES;
				CLANG_WARN_DEPRECATED_OBJC_IMPLEMENTATIONS = YES;
				CLANG_WARN_DIRECT_OBJC_ISA_USAGE = YES_ERROR;
				CLANG_WARN_DOCUMENTATION_COMMENTS = YES;
				CLANG_WARN_EMPTY_BODY = YES;
				CLANG_WARN_ENUM_CONVERSION = YES;
				CLANG_WARN_INFINITE_RECURSION = YES;
				CLANG_WARN_INT_CONVERSION = YES;
				CLANG_WARN_NON_LITERAL_NULL_CONVERSION = YES;
				CLANG_WARN_OBJC_IMPLICIT_RETAIN_SELF = YES;
				CLANG_WARN_OBJC_LITERAL_CONVERSION = YES;
				CLANG_WARN_OBJC_ROOT_CLASS = YES_ERROR;
				CLANG_WARN_RANGE_LOOP_ANALYSIS = YES;
				CLANG_WARN_STRICT_PROTOTYPES = YES;
				CLANG_WARN_SUSPICIOUS_MOVE = YES;
				CLANG_WARN_UNGUARDED_AVAILABILITY = YES_AGGRESSIVE;
				CLANG_WARN_UNREACHABLE_CODE = YES;
				CLANG_WARN__DUPLICATE_METHOD_MATCH = YES;
				CODE_SIGN_IDENTITY = "iPhone Developer";
				COPY_PHASE_STRIP = NO;
				DEBUG_INFORMATION_FORMAT = "dwarf-with-dsym";
				ENABLE_NS_ASSERTIONS = NO;
				ENABLE_STRICT_OBJC_MSGSEND = YES;
				GCC_C_LANGUAGE_STANDARD = gnu11;
				GCC_NO_COMMON_BLOCKS = YES;
				GCC_WARN_64_TO_32_BIT_CONVERSION = YES;
				GCC_WARN_ABOUT_RETURN_TYPE = YES_ERROR;
				GCC_WARN_UNDECLARED_SELECTOR = YES;
				GCC_WARN_UNINITIALIZED_AUTOS = YES_AGGRESSIVE;
				GCC_WARN_UNUSED_FUNCTION = YES;
				GCC_WARN_UNUSED_VARIABLE = YES;
				IPHONEOS_DEPLOYMENT_TARGET = 12.1;
				MTL_ENABLE_DEBUG_INFO = NO;
				MTL_FAST_MATH = YES;
				SDKROOT = iphoneos;
				SWIFT_COMPILATION_MODE = wholemodule;
				SWIFT_OPTIMIZATION_LEVEL = "-O";
				VALIDATE_PRODUCT = YES;
			};
			name = Release;
		};
		92B3F46B21E6BEB6007E0AD1 /* Debug */ = {
			isa = XCBuildConfiguration;
			buildSettings = {
				ASSETCATALOG_COMPILER_APPICON_NAME = AppIcon;
				CODE_SIGN_STYLE = Automatic;
				INFOPLIST_FILE = TipCalc/Info.plist;
				LD_RUNPATH_SEARCH_PATHS = (
					"$(inherited)",
					"@executable_path/Frameworks",
				);
				PRODUCT_BUNDLE_IDENTIFIER = zroyko.TipCalc;
				PRODUCT_NAME = "$(TARGET_NAME)";
				SWIFT_VERSION = 4.2;
				TARGETED_DEVICE_FAMILY = "1,2";
			};
			name = Debug;
		};
		92B3F46C21E6BEB6007E0AD1 /* Release */ = {
			isa = XCBuildConfiguration;
			buildSettings = {
				ASSETCATALOG_COMPILER_APPICON_NAME = AppIcon;
				CODE_SIGN_STYLE = Automatic;
				INFOPLIST_FILE = TipCalc/Info.plist;
				LD_RUNPATH_SEARCH_PATHS = (
					"$(inherited)",
					"@executable_path/Frameworks",
				);
				PRODUCT_BUNDLE_IDENTIFIER = zroyko.TipCalc;
				PRODUCT_NAME = "$(TARGET_NAME)";
				SWIFT_VERSION = 4.2;
				TARGETED_DEVICE_FAMILY = "1,2";
			};
			name = Release;
		};
		92B3F46E21E6BEB6007E0AD1 /* Debug */ = {
			isa = XCBuildConfiguration;
			buildSettings = {
				ALWAYS_EMBED_SWIFT_STANDARD_LIBRARIES = YES;
				BUNDLE_LOADER = "$(TEST_HOST)";
				CODE_SIGN_STYLE = Automatic;
				INFOPLIST_FILE = TipCalcTests/Info.plist;
				LD_RUNPATH_SEARCH_PATHS = (
					"$(inherited)",
					"@executable_path/Frameworks",
					"@loader_path/Frameworks",
				);
				PRODUCT_BUNDLE_IDENTIFIER = zroyko.TipCalcTests;
				PRODUCT_NAME = "$(TARGET_NAME)";
				SWIFT_VERSION = 4.2;
				TARGETED_DEVICE_FAMILY = "1,2";
				TEST_HOST = "$(BUILT_PRODUCTS_DIR)/TipCalc.app/TipCalc";
			};
			name = Debug;
		};
		92B3F46F21E6BEB6007E0AD1 /* Release */ = {
			isa = XCBuildConfiguration;
			buildSettings = {
				ALWAYS_EMBED_SWIFT_STANDARD_LIBRARIES = YES;
				BUNDLE_LOADER = "$(TEST_HOST)";
				CODE_SIGN_STYLE = Automatic;
				INFOPLIST_FILE = TipCalcTests/Info.plist;
				LD_RUNPATH_SEARCH_PATHS = (
					"$(inherited)",
					"@executable_path/Frameworks",
					"@loader_path/Frameworks",
				);
				PRODUCT_BUNDLE_IDENTIFIER = zroyko.TipCalcTests;
				PRODUCT_NAME = "$(TARGET_NAME)";
				SWIFT_VERSION = 4.2;
				TARGETED_DEVICE_FAMILY = "1,2";
				TEST_HOST = "$(BUILT_PRODUCTS_DIR)/TipCalc.app/TipCalc";
			};
			name = Release;
		};
		92B3F47121E6BEB6007E0AD1 /* Debug */ = {
			isa = XCBuildConfiguration;
			buildSettings = {
				ALWAYS_EMBED_SWIFT_STANDARD_LIBRARIES = YES;
				CODE_SIGN_STYLE = Automatic;
				INFOPLIST_FILE = TipCalcUITests/Info.plist;
				LD_RUNPATH_SEARCH_PATHS = (
					"$(inherited)",
					"@executable_path/Frameworks",
					"@loader_path/Frameworks",
				);
				PRODUCT_BUNDLE_IDENTIFIER = zroyko.TipCalcUITests;
				PRODUCT_NAME = "$(TARGET_NAME)";
				SWIFT_VERSION = 4.2;
				TARGETED_DEVICE_FAMILY = "1,2";
				TEST_TARGET_NAME = TipCalc;
			};
			name = Debug;
		};
		92B3F47221E6BEB6007E0AD1 /* Release */ = {
			isa = XCBuildConfiguration;
			buildSettings = {
				ALWAYS_EMBED_SWIFT_STANDARD_LIBRARIES = YES;
				CODE_SIGN_STYLE = Automatic;
				INFOPLIST_FILE = TipCalcUITests/Info.plist;
				LD_RUNPATH_SEARCH_PATHS = (
					"$(inherited)",
					"@executable_path/Frameworks",
					"@loader_path/Frameworks",
				);
				PRODUCT_BUNDLE_IDENTIFIER = zroyko.TipCalcUITests;
				PRODUCT_NAME = "$(TARGET_NAME)";
				SWIFT_VERSION = 4.2;
				TARGETED_DEVICE_FAMILY = "1,2";
				TEST_TARGET_NAME = TipCalc;
			};
			name = Release;
		};
/* End XCBuildConfiguration section */

/* Begin XCConfigurationList section */
		92B3F43D21E6BEB5007E0AD1 /* Build configuration list for PBXProject "TipCalc" */ = {
			isa = XCConfigurationList;
			buildConfigurations = (
				92B3F46821E6BEB6007E0AD1 /* Debug */,
				92B3F46921E6BEB6007E0AD1 /* Release */,
			);
			defaultConfigurationIsVisible = 0;
			defaultConfigurationName = Release;
		};
		92B3F46A21E6BEB6007E0AD1 /* Build configuration list for PBXNativeTarget "TipCalc" */ = {
			isa = XCConfigurationList;
			buildConfigurations = (
				92B3F46B21E6BEB6007E0AD1 /* Debug */,
				92B3F46C21E6BEB6007E0AD1 /* Release */,
			);
			defaultConfigurationIsVisible = 0;
			defaultConfigurationName = Release;
		};
		92B3F46D21E6BEB6007E0AD1 /* Build configuration list for PBXNativeTarget "TipCalcTests" */ = {
			isa = XCConfigurationList;
			buildConfigurations = (
				92B3F46E21E6BEB6007E0AD1 /* Debug */,
				92B3F46F21E6BEB6007E0AD1 /* Release */,
			);
			defaultConfigurationIsVisible = 0;
			defaultConfigurationName = Release;
		};
		92B3F47021E6BEB6007E0AD1 /* Build configuration list for PBXNativeTarget "TipCalcUITests" */ = {
			isa = XCConfigurationList;
			buildConfigurations = (
				92B3F47121E6BEB6007E0AD1 /* Debug */,
				92B3F47221E6BEB6007E0AD1 /* Release */,
			);
			defaultConfigurationIsVisible = 0;
			defaultConfigurationName = Release;
		};
/* End XCConfigurationList section */
	};
	rootObject = 92B3F43A21E6BEB5007E0AD1 /* Project object */;
}
